
Microsoft Visual Studio Solution File, Format Version 12.00
# Visual Studio Version 16
VisualStudioVersion = 16.0.29201.188
MinimumVisualStudioVersion = 10.0.40219.1
Project("{9A19103F-16F7-4668-BE54-9A1E7A4F7556}") = "EmployeePortal.Web", "EmployeePortal.Web\EmployeePortal.Web.csproj", "{A37ABBA2-8C75-4AE8-A5B7-FD03C364CFC2}"
EndProject
Project("{9A19103F-16F7-4668-BE54-9A1E7A4F7556}") = "EmployeePortal.Infrastructure", "EmployeePortal.Infrastructure\EmployeePortal.Infrastructure.csproj", "{980D6FB6-4E1F-42A8-A383-AA31BA83728A}"
EndProject
Project("{9A19103F-16F7-4668-BE54-9A1E7A4F7556}") = "EmployeePortal.TimeRegistration", "EmployeePortal.TimeRegistration\EmployeePortal.TimeRegistration.csproj", "{65BC52C6-3DAD-4C13-B4A2-0CD5126B7711}"
EndProject
Project("{9A19103F-16F7-4668-BE54-9A1E7A4F7556}") = "EmployeePortal.TimeRegistration.Tests", "EmployeePortal.TimeRegistration.Tests\EmployeePortal.TimeRegistration.Tests.csproj", "{96BB0448-F3C9-4A20-AFE9-24431D1F7ED5}"
EndProject
Project("{9A19103F-16F7-4668-BE54-9A1E7A4F7556}") = "EmployeePortal.Infrastructure.TestHelpers", "EmployeePortal.Infrastructure.TestHelpers\EmployeePortal.Infrastructure.TestHelpers.csproj", "{AF2805D3-5264-43AE-8863-FF191DA1F65C}"
EndProject
Project("{9A19103F-16F7-4668-BE54-9A1E7A4F7556}") = "EmployeePortal.SkillManagement", "EmployeePortal.SkillManagement\EmployeePortal.SkillManagement.csproj", "{09818F8F-C2FE-4BB5-BB59-07439F938830}"
EndProject
Project("{9A19103F-16F7-4668-BE54-9A1E7A4F7556}") = "EmployeePortal.Infrastructure.Tests", "EmployeePortal.Infrastructure.Tests\EmployeePortal.Infrastructure.Tests.csproj", "{BBC642D3-90BF-48CA-8C40-1A61D7B967E1}"
EndProject
Project("{2150E333-8FDC-42A3-9474-1A3956D46DE8}") = "Docker", "Docker", "{E1E72693-11F6-447A-8C91-FA6B5EED5368}"
	ProjectSection(SolutionItems) = preProject
		Dockerfile = Dockerfile
	EndProjectSection
EndProject
Global
	GlobalSection(SolutionConfigurationPlatforms) = preSolution
		Debug|Any CPU = Debug|Any CPU
		Release|Any CPU = Release|Any CPU
	EndGlobalSection
	GlobalSection(ProjectConfigurationPlatforms) = postSolution
		{A37ABBA2-8C75-4AE8-A5B7-FD03C364CFC2}.Debug|Any CPU.ActiveCfg = Debug|Any CPU
		{A37ABBA2-8C75-4AE8-A5B7-FD03C364CFC2}.Debug|Any CPU.Build.0 = Debug|Any CPU
		{A37ABBA2-8C75-4AE8-A5B7-FD03C364CFC2}.Release|Any CPU.ActiveCfg = Release|Any CPU
		{A37ABBA2-8C75-4AE8-A5B7-FD03C364CFC2}.Release|Any CPU.Build.0 = Release|Any CPU
		{980D6FB6-4E1F-42A8-A383-AA31BA83728A}.Debug|Any CPU.ActiveCfg = Debug|Any CPU
		{980D6FB6-4E1F-42A8-A383-AA31BA83728A}.Debug|Any CPU.Build.0 = Debug|Any CPU
		{980D6FB6-4E1F-42A8-A383-AA31BA83728A}.Release|Any CPU.ActiveCfg = Release|Any CPU
		{980D6FB6-4E1F-42A8-A383-AA31BA83728A}.Release|Any CPU.Build.0 = Release|Any CPU
		{65BC52C6-3DAD-4C13-B4A2-0CD5126B7711}.Debug|Any CPU.ActiveCfg = Debug|Any CPU
		{65BC52C6-3DAD-4C13-B4A2-0CD5126B7711}.Debug|Any CPU.Build.0 = Debug|Any CPU
		{65BC52C6-3DAD-4C13-B4A2-0CD5126B7711}.Release|Any CPU.ActiveCfg = Release|Any CPU
		{65BC52C6-3DAD-4C13-B4A2-0CD5126B7711}.Release|Any CPU.Build.0 = Release|Any CPU
		{96BB0448-F3C9-4A20-AFE9-24431D1F7ED5}.Debug|Any CPU.ActiveCfg = Debug|Any CPU
		{96BB0448-F3C9-4A20-AFE9-24431D1F7ED5}.Debug|Any CPU.Build.0 = Debug|Any CPU
		{96BB0448-F3C9-4A20-AFE9-24431D1F7ED5}.Release|Any CPU.ActiveCfg = Release|Any CPU
		{96BB0448-F3C9-4A20-AFE9-24431D1F7ED5}.Release|Any CPU.Build.0 = Release|Any CPU
		{AF2805D3-5264-43AE-8863-FF191DA1F65C}.Debug|Any CPU.ActiveCfg = Debug|Any CPU
		{AF2805D3-5264-43AE-8863-FF191DA1F65C}.Debug|Any CPU.Build.0 = Debug|Any CPU
		{AF2805D3-5264-43AE-8863-FF191DA1F65C}.Release|Any CPU.ActiveCfg = Release|Any CPU
		{AF2805D3-5264-43AE-8863-FF191DA1F65C}.Release|Any CPU.Build.0 = Release|Any CPU
		{09818F8F-C2FE-4BB5-BB59-07439F938830}.Debug|Any CPU.ActiveCfg = Debug|Any CPU
		{09818F8F-C2FE-4BB5-BB59-07439F938830}.Debug|Any CPU.Build.0 = Debug|Any CPU
		{09818F8F-C2FE-4BB5-BB59-07439F938830}.Release|Any CPU.ActiveCfg = Release|Any CPU
		{09818F8F-C2FE-4BB5-BB59-07439F938830}.Release|Any CPU.Build.0 = Release|Any CPU
		{BBC642D3-90BF-48CA-8C40-1A61D7B967E1}.Debug|Any CPU.ActiveCfg = Debug|Any CPU
		{BBC642D3-90BF-48CA-8C40-1A61D7B967E1}.Debug|Any CPU.Build.0 = Debug|Any CPU
		{BBC642D3-90BF-48CA-8C40-1A61D7B967E1}.Release|Any CPU.ActiveCfg = Release|Any CPU
		{BBC642D3-90BF-48CA-8C40-1A61D7B967E1}.Release|Any CPU.Build.0 = Release|Any CPU
	EndGlobalSection
	GlobalSection(SolutionProperties) = preSolution
		HideSolutionNode = FALSE
	EndGlobalSection
	GlobalSection(ExtensibilityGlobals) = postSolution
		SolutionGuid = {90023062-C972-4F28-BA85-5504DF2B7C63}
	EndGlobalSection
EndGlobal
